// !$*UTF8*$!
{
	archiveVersion = 1;
	classes = {
	};
	objectVersion = 50;
	objects = {

/* Begin PBXBuildFile section */
		110EA45D223468CB00F46F16 /* OutlineViewDataSource.swift in Sources */ = {isa = PBXBuildFile; fileRef = 110EA45C223468CB00F46F16 /* OutlineViewDataSource.swift */; };
		110EA45F22346F1600F46F16 /* MiscExtensions.swift in Sources */ = {isa = PBXBuildFile; fileRef = 110EA45E22346F1600F46F16 /* MiscExtensions.swift */; };
		110EA4612234716200F46F16 /* PDFFunctions.swift in Sources */ = {isa = PBXBuildFile; fileRef = 110EA4602234716200F46F16 /* PDFFunctions.swift */; };
		110EA4632234863C00F46F16 /* OutlineViewDelegate.swift in Sources */ = {isa = PBXBuildFile; fileRef = 110EA4622234863C00F46F16 /* OutlineViewDelegate.swift */; };
		11D042482231AF8E003DF8C0 /* AppDelegate.swift in Sources */ = {isa = PBXBuildFile; fileRef = 11D042472231AF8E003DF8C0 /* AppDelegate.swift */; };
		11D0424A2231AF8F003DF8C0 /* Assets.xcassets in Resources */ = {isa = PBXBuildFile; fileRef = 11D042492231AF8F003DF8C0 /* Assets.xcassets */; };
		11D0424D2231AF8F003DF8C0 /* MainMenu.xib in Resources */ = {isa = PBXBuildFile; fileRef = 11D0424B2231AF8F003DF8C0 /* MainMenu.xib */; };
/* End PBXBuildFile section */

/* Begin PBXFileReference section */
		110EA45C223468CB00F46F16 /* OutlineViewDataSource.swift */ = {isa = PBXFileReference; lastKnownFileType = sourcecode.swift; path = OutlineViewDataSource.swift; sourceTree = "<group>"; };
		110EA45E22346F1600F46F16 /* MiscExtensions.swift */ = {isa = PBXFileReference; lastKnownFileType = sourcecode.swift; path = MiscExtensions.swift; sourceTree = "<group>"; };
		110EA4602234716200F46F16 /* PDFFunctions.swift */ = {isa = PBXFileReference; lastKnownFileType = sourcecode.swift; path = PDFFunctions.swift; sourceTree = "<group>"; };
		110EA4622234863C00F46F16 /* OutlineViewDelegate.swift */ = {isa = PBXFileReference; lastKnownFileType = sourcecode.swift; path = OutlineViewDelegate.swift; sourceTree = "<group>"; };
		110EA4732236109500F46F16 /* export64px.png */ = {isa = PBXFileReference; lastKnownFileType = image.png; path = export64px.png; sourceTree = "<group>"; };
		110EA4742236109500F46F16 /* export512px.png */ = {isa = PBXFileReference; lastKnownFileType = image.png; path = export512px.png; sourceTree = "<group>"; };
		110EA4752236109500F46F16 /* export128px.png */ = {isa = PBXFileReference; lastKnownFileType = image.png; path = export128px.png; sourceTree = "<group>"; };
		110EA4762236109500F46F16 /* export32px.png */ = {isa = PBXFileReference; lastKnownFileType = image.png; path = export32px.png; sourceTree = "<group>"; };
		110EA4772236109600F46F16 /* export16px.png */ = {isa = PBXFileReference; lastKnownFileType = image.png; path = export16px.png; sourceTree = "<group>"; };
		110EA4782236109600F46F16 /* export1024px.png */ = {isa = PBXFileReference; lastKnownFileType = image.png; path = export1024px.png; sourceTree = "<group>"; };
		110EA4792236109600F46F16 /* export256px.png */ = {isa = PBXFileReference; lastKnownFileType = image.png; path = export256px.png; sourceTree = "<group>"; };
		11D042442231AF8E003DF8C0 /* Chapters.app */ = {isa = PBXFileReference; explicitFileType = wrapper.application; includeInIndex = 0; path = Chapters.app; sourceTree = BUILT_PRODUCTS_DIR; };
		11D042472231AF8E003DF8C0 /* AppDelegate.swift */ = {isa = PBXFileReference; lastKnownFileType = sourcecode.swift; path = AppDelegate.swift; sourceTree = "<group>"; };
		11D042492231AF8F003DF8C0 /* Assets.xcassets */ = {isa = PBXFileReference; lastKnownFileType = folder.assetcatalog; path = Assets.xcassets; sourceTree = "<group>"; };
		11D0424C2231AF8F003DF8C0 /* Base */ = {isa = PBXFileReference; lastKnownFileType = file.xib; name = Base; path = Base.lproj/MainMenu.xib; sourceTree = "<group>"; };
		11D0424E2231AF8F003DF8C0 /* Info.plist */ = {isa = PBXFileReference; lastKnownFileType = text.plist.xml; path = Info.plist; sourceTree = "<group>"; };
		11D0424F2231AF8F003DF8C0 /* Chapters.entitlements */ = {isa = PBXFileReference; lastKnownFileType = text.plist.entitlements; path = Chapters.entitlements; sourceTree = "<group>"; };
/* End PBXFileReference section */

/* Begin PBXFrameworksBuildPhase section */
		11D042412231AF8E003DF8C0 /* Frameworks */ = {
			isa = PBXFrameworksBuildPhase;
			buildActionMask = 2147483647;
			files = (
			);
			runOnlyForDeploymentPostprocessing = 0;
		};
/* End PBXFrameworksBuildPhase section */

/* Begin PBXGroup section */
		110EA4722236108400F46F16 /* Icons */ = {
			isa = PBXGroup;
			children = (
				110EA4772236109600F46F16 /* export16px.png */,
				110EA4762236109500F46F16 /* export32px.png */,
				110EA4732236109500F46F16 /* export64px.png */,
				110EA4752236109500F46F16 /* export128px.png */,
				110EA4792236109600F46F16 /* export256px.png */,
				110EA4742236109500F46F16 /* export512px.png */,
				110EA4782236109600F46F16 /* export1024px.png */,
			);
			path = Icons;
			sourceTree = "<group>";
		};
		11D0423B2231AF8E003DF8C0 = {
			isa = PBXGroup;
			children = (
				11D042462231AF8E003DF8C0 /* Chapters */,
				11D042452231AF8E003DF8C0 /* Products */,
			);
			sourceTree = "<group>";
		};
		11D042452231AF8E003DF8C0 /* Products */ = {
			isa = PBXGroup;
			children = (
				11D042442231AF8E003DF8C0 /* Chapters.app */,
			);
			name = Products;
			sourceTree = "<group>";
		};
		11D042462231AF8E003DF8C0 /* Chapters */ = {
			isa = PBXGroup;
			children = (
				11D042472231AF8E003DF8C0 /* AppDelegate.swift */,
				110EA4622234863C00F46F16 /* OutlineViewDelegate.swift */,
				110EA45C223468CB00F46F16 /* OutlineViewDataSource.swift */,
				110EA4602234716200F46F16 /* PDFFunctions.swift */,
				110EA45E22346F1600F46F16 /* MiscExtensions.swift */,
				11D042492231AF8F003DF8C0 /* Assets.xcassets */,
				11D0424B2231AF8F003DF8C0 /* MainMenu.xib */,
				11D0424E2231AF8F003DF8C0 /* Info.plist */,
				11D0424F2231AF8F003DF8C0 /* Chapters.entitlements */,
				110EA4722236108400F46F16 /* Icons */,
			);
			path = Chapters;
			sourceTree = "<group>";
		};
/* End PBXGroup section */

/* Begin PBXNativeTarget section */
		11D042432231AF8E003DF8C0 /* Chapters */ = {
			isa = PBXNativeTarget;
			buildConfigurationList = 11D042522231AF8F003DF8C0 /* Build configuration list for PBXNativeTarget "Chapters" */;
			buildPhases = (
				11D042402231AF8E003DF8C0 /* Sources */,
				11D042412231AF8E003DF8C0 /* Frameworks */,
				11D042422231AF8E003DF8C0 /* Resources */,
			);
			buildRules = (
			);
			dependencies = (
			);
			name = Chapters;
			productName = Chapters;
			productReference = 11D042442231AF8E003DF8C0 /* Chapters.app */;
			productType = "com.apple.product-type.application";
		};
/* End PBXNativeTarget section */

/* Begin PBXProject section */
		11D0423C2231AF8E003DF8C0 /* Project object */ = {
			isa = PBXProject;
			attributes = {
				LastSwiftUpdateCheck = 1010;
				LastUpgradeCheck = 1010;
				ORGANIZATIONNAME = "Raphael Reyna";
				TargetAttributes = {
					11D042432231AF8E003DF8C0 = {
						CreatedOnToolsVersion = 10.1;
					};
				};
			};
			buildConfigurationList = 11D0423F2231AF8E003DF8C0 /* Build configuration list for PBXProject "Chapters" */;
			compatibilityVersion = "Xcode 9.3";
			developmentRegion = en;
			hasScannedForEncodings = 0;
			knownRegions = (
				en,
				Base,
			);
			mainGroup = 11D0423B2231AF8E003DF8C0;
			productRefGroup = 11D042452231AF8E003DF8C0 /* Products */;
			projectDirPath = "";
			projectRoot = "";
			targets = (
				11D042432231AF8E003DF8C0 /* Chapters */,
			);
		};
/* End PBXProject section */

/* Begin PBXResourcesBuildPhase section */
		11D042422231AF8E003DF8C0 /* Resources */ = {
			isa = PBXResourcesBuildPhase;
			buildActionMask = 2147483647;
			files = (
				11D0424A2231AF8F003DF8C0 /* Assets.xcassets in Resources */,
				11D0424D2231AF8F003DF8C0 /* MainMenu.xib in Resources */,
			);
			runOnlyForDeploymentPostprocessing = 0;
		};
/* End PBXResourcesBuildPhase section */

/* Begin PBXSourcesBuildPhase section */
		11D042402231AF8E003DF8C0 /* Sources */ = {
			isa = PBXSourcesBuildPhase;
			buildActionMask = 2147483647;
			files = (
				110EA45D223468CB00F46F16 /* OutlineViewDataSource.swift in Sources */,
				110EA4612234716200F46F16 /* PDFFunctions.swift in Sources */,
				110EA4632234863C00F46F16 /* OutlineViewDelegate.swift in Sources */,
				11D042482231AF8E003DF8C0 /* AppDelegate.swift in Sources */,
				110EA45F22346F1600F46F16 /* MiscExtensions.swift in Sources */,
			);
			runOnlyForDeploymentPostprocessing = 0;
		};
/* End PBXSourcesBuildPhase section */

/* Begin PBXVariantGroup section */
		11D0424B2231AF8F003DF8C0 /* MainMenu.xib */ = {
			isa = PBXVariantGroup;
			children = (
				11D0424C2231AF8F003DF8C0 /* Base */,
			);
			name = MainMenu.xib;
			sourceTree = "<group>";
		};
/* End PBXVariantGroup section */

/* Begin XCBuildConfiguration section */
		11D042502231AF8F003DF8C0 /* Debug */ = {
			isa = XCBuildConfiguration;
			buildSettings = {
				ALWAYS_SEARCH_USER_PATHS = NO;
				CLANG_ANALYZER_NONNULL = YES;
				CLANG_ANALYZER_NUMBER_OBJECT_CONVERSION = YES_AGGRESSIVE;
				CLANG_CXX_LANGUAGE_STANDARD = "gnu++14";
				CLANG_CXX_LIBRARY = "libc++";
				CLANG_ENABLE_MODULES = YES;
				CLANG_ENABLE_OBJC_ARC = YES;
				CLANG_ENABLE_OBJC_WEAK = YES;
				CLANG_WARN_BLOCK_CAPTURE_AUTORELEASING = YES;
				CLANG_WARN_BOOL_CONVERSION = YES;
				CLANG_WARN_COMMA = YES;
				CLANG_WARN_CONSTANT_CONVERSION = YES;
				CLANG_WARN_DEPRECATED_OBJC_IMPLEMENTATIONS = YES;
				CLANG_WARN_DIRECT_OBJC_ISA_USAGE = YES_ERROR;
				CLANG_WARN_DOCUMENTATION_COMMENTS = YES;
				CLANG_WARN_EMPTY_BODY = YES;
				CLANG_WARN_ENUM_CONVERSION = YES;
				CLANG_WARN_INFINITE_RECURSION = YES;
				CLANG_WARN_INT_CONVERSION = YES;
				CLANG_WARN_NON_LITERAL_NULL_CONVERSION = YES;
				CLANG_WARN_OBJC_IMPLICIT_RETAIN_SELF = YES;
				CLANG_WARN_OBJC_LITERAL_CONVERSION = YES;
				CLANG_WARN_OBJC_ROOT_CLASS = YES_ERROR;
				CLANG_WARN_RANGE_LOOP_ANALYSIS = YES;
				CLANG_WARN_STRICT_PROTOTYPES = YES;
				CLANG_WARN_SUSPICIOUS_MOVE = YES;
				CLANG_WARN_UNGUARDED_AVAILABILITY = YES_AGGRESSIVE;
				CLANG_WARN_UNREACHABLE_CODE = YES;
				CLANG_WARN__DUPLICATE_METHOD_MATCH = YES;
				CODE_SIGN_IDENTITY = "Mac Developer";
				COPY_PHASE_STRIP = NO;
				DEBUG_INFORMATION_FORMAT = dwarf;
				ENABLE_STRICT_OBJC_MSGSEND = YES;
				ENABLE_TESTABILITY = YES;
				GCC_C_LANGUAGE_STANDARD = gnu11;
				GCC_DYNAMIC_NO_PIC = NO;
				GCC_NO_COMMON_BLOCKS = YES;
				GCC_OPTIMIZATION_LEVEL = 0;
				GCC_PREPROCESSOR_DEFINITIONS = (
					"DEBUG=1",
					"$(inherited)",
				);
				GCC_WARN_64_TO_32_BIT_CONVERSION = YES;
				GCC_WARN_ABOUT_RETURN_TYPE = YES_ERROR;
				GCC_WARN_UNDECLARED_SELECTOR = YES;
				GCC_WARN_UNINITIALIZED_AUTOS = YES_AGGRESSIVE;
				GCC_WARN_UNUSED_FUNCTION = YES;
				GCC_WARN_UNUSED_VARIABLE = YES;
				MACOSX_DEPLOYMENT_TARGET = 10.14;
				MTL_ENABLE_DEBUG_INFO = INCLUDE_SOURCE;
				MTL_FAST_MATH = YES;
				ONLY_ACTIVE_ARCH = YES;
				SDKROOT = macosx;
				SWIFT_ACTIVE_COMPILATION_CONDITIONS = DEBUG;
				SWIFT_OPTIMIZATION_LEVEL = "-Onone";
			};
			name = Debug;
		};
		11D042512231AF8F003DF8C0 /* Release */ = {
			isa = XCBuildConfiguration;
			buildSettings = {
				ALWAYS_SEARCH_USER_PATHS = NO;
				CLANG_ANALYZER_NONNULL = YES;
				CLANG_ANALYZER_NUMBER_OBJECT_CONVERSION = YES_AGGRESSIVE;
				CLANG_CXX_LANGUAGE_STANDARD = "gnu++14";
				CLANG_CXX_LIBRARY = "libc++";
				CLANG_ENABLE_MODULES = YES;
				CLANG_ENABLE_OBJC_ARC = YES;
				CLANG_ENABLE_OBJC_WEAK = YES;
				CLANG_WARN_BLOCK_CAPTURE_AUTORELEASING = YES;
				CLANG_WARN_BOOL_CONVERSION = YES;
				CLANG_WARN_COMMA = YES;
				CLANG_WARN_CONSTANT_CONVERSION = YES;
				CLANG_WARN_DEPRECATED_OBJC_IMPLEMENTATIONS = YES;
				CLANG_WARN_DIRECT_OBJC_ISA_USAGE = YES_ERROR;
				CLANG_WARN_DOCUMENTATION_COMMENTS = YES;
				CLANG_WARN_EMPTY_BODY = YES;
				CLANG_WARN_ENUM_CONVERSION = YES;
				CLANG_WARN_INFINITE_RECURSION = YES;
				CLANG_WARN_INT_CONVERSION = YES;
				CLANG_WARN_NON_LITERAL_NULL_CONVERSION = YES;
				CLANG_WARN_OBJC_IMPLICIT_RETAIN_SELF = YES;
				CLANG_WARN_OBJC_LITERAL_CONVERSION = YES;
				CLANG_WARN_OBJC_ROOT_CLASS = YES_ERROR;
				CLANG_WARN_RANGE_LOOP_ANALYSIS = YES;
				CLANG_WARN_STRICT_PROTOTYPES = YES;
				CLANG_WARN_SUSPICIOUS_MOVE = YES;
				CLANG_WARN_UNGUARDED_AVAILABILITY = YES_AGGRESSIVE;
				CLANG_WARN_UNREACHABLE_CODE = YES;
				CLANG_WARN__DUPLICATE_METHOD_MATCH = YES;
				CODE_SIGN_IDENTITY = "Mac Developer";
				COPY_PHASE_STRIP = NO;
				DEBUG_INFORMATION_FORMAT = "dwarf-with-dsym";
				ENABLE_NS_ASSERTIONS = NO;
				ENABLE_STRICT_OBJC_MSGSEND = YES;
				GCC_C_LANGUAGE_STANDARD = gnu11;
				GCC_NO_COMMON_BLOCKS = YES;
				GCC_WARN_64_TO_32_BIT_CONVERSION = YES;
				GCC_WARN_ABOUT_RETURN_TYPE = YES_ERROR;
				GCC_WARN_UNDECLARED_SELECTOR = YES;
				GCC_WARN_UNINITIALIZED_AUTOS = YES_AGGRESSIVE;
				GCC_WARN_UNUSED_FUNCTION = YES;
				GCC_WARN_UNUSED_VARIABLE = YES;
				MACOSX_DEPLOYMENT_TARGET = 10.14;
				MTL_ENABLE_DEBUG_INFO = NO;
				MTL_FAST_MATH = YES;
				SDKROOT = macosx;
				SWIFT_COMPILATION_MODE = wholemodule;
				SWIFT_OPTIMIZATION_LEVEL = "-O";
			};
			name = Release;
		};
		11D042532231AF8F003DF8C0 /* Debug */ = {
			isa = XCBuildConfiguration;
			buildSettings = {
				ASSETCATALOG_COMPILER_APPICON_NAME = AppIcon;
				CODE_SIGN_ENTITLEMENTS = Chapters/Chapters.entitlements;
				CODE_SIGN_STYLE = Automatic;
				COMBINE_HIDPI_IMAGES = YES;
				DEVELOPMENT_TEAM = 5C98TMWV22;
				INFOPLIST_FILE = Chapters/Info.plist;
				LD_RUNPATH_SEARCH_PATHS = (
					"$(inherited)",
					"@executable_path/../Frameworks",
				);
				PRODUCT_BUNDLE_IDENTIFIER = com.rr.Chapters;
				PRODUCT_NAME = "$(TARGET_NAME)";
				SWIFT_VERSION = 4.2;
			};
			name = Debug;
		};
		11D042542231AF8F003DF8C0 /* Release */ = {
			isa = XCBuildConfiguration;
			buildSettings = {
				ASSETCATALOG_COMPILER_APPICON_NAME = AppIcon;
				CODE_SIGN_ENTITLEMENTS = Chapters/Chapters.entitlements;
				CODE_SIGN_STYLE = Automatic;
				COMBINE_HIDPI_IMAGES = YES;
				DEVELOPMENT_TEAM = 5C98TMWV22;
				INFOPLIST_FILE = Chapters/Info.plist;
				LD_RUNPATH_SEARCH_PATHS = (
					"$(inherited)",
					"@executable_path/../Frameworks",
				);
				PRODUCT_BUNDLE_IDENTIFIER = com.rr.Chapters;
				PRODUCT_NAME = "$(TARGET_NAME)";
				SWIFT_VERSION = 4.2;
			};
			name = Release;
		};
/* End XCBuildConfiguration section */

/* Begin XCConfigurationList section */
		11D0423F2231AF8E003DF8C0 /* Build configuration list for PBXProject "Chapters" */ = {
			isa = XCConfigurationList;
			buildConfigurations = (
				11D042502231AF8F003DF8C0 /* Debug */,
				11D042512231AF8F003DF8C0 /* Release */,
			);
			defaultConfigurationIsVisible = 0;
			defaultConfigurationName = Release;
		};
		11D042522231AF8F003DF8C0 /* Build configuration list for PBXNativeTarget "Chapters" */ = {
			isa = XCConfigurationList;
			buildConfigurations = (
				11D042532231AF8F003DF8C0 /* Debug */,
				11D042542231AF8F003DF8C0 /* Release */,
			);
			defaultConfigurationIsVisible = 0;
			defaultConfigurationName = Release;
		};
/* End XCConfigurationList section */
	};
	rootObject = 11D0423C2231AF8E003DF8C0 /* Project object */;
}
